
Microsoft Visual Studio Solution File, Format Version 12.00
# Visual Studio Version 16
VisualStudioVersion = 16.0.31205.134
MinimumVisualStudioVersion = 10.0.40219.1
Project("{9A19103F-16F7-4668-BE54-9A1E7A4F7556}") = "MidgardLevelHelperCore", "MidgardLevelHelperCore\MidgardLevelHelperCore.csproj", "{C27224E2-D5A1-4D4E-A132-8CEF197A573F}"
EndProject
Project("{FAE04EC0-301F-11D3-BF4B-00C04F79EFBC}") = "MidgardLevelHelper.ConsoleApp", "MidgardLevelHelper.ConsoleApp\MidgardLevelHelper.ConsoleApp.csproj", "{E1C4A423-0F7C-45D4-B53C-5C0FC7C33E79}"
EndProject
Global
	GlobalSection(SolutionConfigurationPlatforms) = preSolution
		Debug|Any CPU = Debug|Any CPU
		Release|Any CPU = Release|Any CPU
	EndGlobalSection
	GlobalSection(ProjectConfigurationPlatforms) = postSolution
		{C27224E2-D5A1-4D4E-A132-8CEF197A573F}.Debug|Any CPU.ActiveCfg = Debug|Any CPU
		{C27224E2-D5A1-4D4E-A132-8CEF197A573F}.Debug|Any CPU.Build.0 = Debug|Any CPU
		{C27224E2-D5A1-4D4E-A132-8CEF197A573F}.Release|Any CPU.ActiveCfg = Release|Any CPU
		{C27224E2-D5A1-4D4E-A132-8CEF197A573F}.Release|Any CPU.Build.0 = Release|Any CPU
		{E1C4A423-0F7C-45D4-B53C-5C0FC7C33E79}.Debug|Any CPU.ActiveCfg = Debug|Any CPU
		{E1C4A423-0F7C-45D4-B53C-5C0FC7C33E79}.Debug|Any CPU.Build.0 = Debug|Any CPU
		{E1C4A423-0F7C-45D4-B53C-5C0FC7C33E79}.Release|Any CPU.ActiveCfg = Release|Any CPU
		{E1C4A423-0F7C-45D4-B53C-5C0FC7C33E79}.Release|Any CPU.Build.0 = Release|Any CPU
	EndGlobalSection
	GlobalSection(SolutionProperties) = preSolution
		HideSolutionNode = FALSE
	EndGlobalSection
	GlobalSection(ExtensibilityGlobals) = postSolution
		SolutionGuid = {C96A5912-B563-4189-9E01-B9ED183E7E09}
	EndGlobalSection
EndGlobal
